// !$*UTF8*$!
{
	archiveVersion = 1;
	classes = {
	};
	objectVersion = 56;
	objects = {

/* Begin PBXBuildFile section */
		819AAC9591CB79BCF9B13C97 /* Pods_ConstantWork.framework in Frameworks */ = {isa = PBXBuildFile; fileRef = 58D79FC7551D6BD624485422 /* Pods_ConstantWork.framework */; };
		D2A3D43B29E27B340093E475 /* AppDelegate.swift in Sources */ = {isa = PBXBuildFile; fileRef = D2A3D43A29E27B340093E475 /* AppDelegate.swift */; };
		D2A3D43D29E27B340093E475 /* SceneDelegate.swift in Sources */ = {isa = PBXBuildFile; fileRef = D2A3D43C29E27B340093E475 /* SceneDelegate.swift */; };
		D2A3D43F29E27B340093E475 /* HomeViewController.swift in Sources */ = {isa = PBXBuildFile; fileRef = D2A3D43E29E27B340093E475 /* HomeViewController.swift */; };
		D2A3D44429E27B350093E475 /* Assets.xcassets in Resources */ = {isa = PBXBuildFile; fileRef = D2A3D44329E27B350093E475 /* Assets.xcassets */; };
		D2A3D44729E27B350093E475 /* LaunchScreen.storyboard in Resources */ = {isa = PBXBuildFile; fileRef = D2A3D44529E27B350093E475 /* LaunchScreen.storyboard */; };
		D2A3D45429E27F810093E475 /* Coordinator.swift in Sources */ = {isa = PBXBuildFile; fileRef = D2A3D45329E27F810093E475 /* Coordinator.swift */; };
		D2A3D45629E27F970093E475 /* SceneCoordinator.swift in Sources */ = {isa = PBXBuildFile; fileRef = D2A3D45529E27F970093E475 /* SceneCoordinator.swift */; };
		D2A3D45E29E285060093E475 /* HomeTitleView.swift in Sources */ = {isa = PBXBuildFile; fileRef = D2A3D45D29E285060093E475 /* HomeTitleView.swift */; };
		D2A3D46129E288070093E475 /* UIView +.swift in Sources */ = {isa = PBXBuildFile; fileRef = D2A3D46029E288070093E475 /* UIView +.swift */; };
		D2A3D46429E289410093E475 /* CollectionLayout.swift in Sources */ = {isa = PBXBuildFile; fileRef = D2A3D46329E289410093E475 /* CollectionLayout.swift */; };
		D2A3D46629E28D6E0093E475 /* HomeCell.swift in Sources */ = {isa = PBXBuildFile; fileRef = D2A3D46529E28D6E0093E475 /* HomeCell.swift */; };
		D2A3D46929E28F210093E475 /* SnapShotService.swift in Sources */ = {isa = PBXBuildFile; fileRef = D2A3D46829E28F210093E475 /* SnapShotService.swift */; };
		D2A3D46C29E28FA70093E475 /* PiscumDTO.swift in Sources */ = {isa = PBXBuildFile; fileRef = D2A3D46B29E28FA70093E475 /* PiscumDTO.swift */; };
		D2A3D46E29E2904C0093E475 /* DiffableDataSection.swift in Sources */ = {isa = PBXBuildFile; fileRef = D2A3D46D29E2904C0093E475 /* DiffableDataSection.swift */; };
		D2A3D47029E2930C0093E475 /* HomeCoordinator.swift in Sources */ = {isa = PBXBuildFile; fileRef = D2A3D46F29E2930C0093E475 /* HomeCoordinator.swift */; };
		D2A3D47429E297B00093E475 /* EndPointable.swift in Sources */ = {isa = PBXBuildFile; fileRef = D2A3D47329E297B00093E475 /* EndPointable.swift */; };
		D2A3D47629E297C00093E475 /* HTTPMethod.swift in Sources */ = {isa = PBXBuildFile; fileRef = D2A3D47529E297C00093E475 /* HTTPMethod.swift */; };
		D2A3D47829E297EB0093E475 /* EndPoint.swift in Sources */ = {isa = PBXBuildFile; fileRef = D2A3D47729E297EB0093E475 /* EndPoint.swift */; };
		D2A3D47A29E2990D0093E475 /* NetworkService.swift in Sources */ = {isa = PBXBuildFile; fileRef = D2A3D47929E2990D0093E475 /* NetworkService.swift */; };
		D2A3D47C29E2995F0093E475 /* NetworkError.swift in Sources */ = {isa = PBXBuildFile; fileRef = D2A3D47B29E2995F0093E475 /* NetworkError.swift */; };
/* End PBXBuildFile section */

/* Begin PBXFileReference section */
		139C23925A8285822C2E0B81 /* Pods-ConstantWork.release.xcconfig */ = {isa = PBXFileReference; includeInIndex = 1; lastKnownFileType = text.xcconfig; name = "Pods-ConstantWork.release.xcconfig"; path = "Target Support Files/Pods-ConstantWork/Pods-ConstantWork.release.xcconfig"; sourceTree = "<group>"; };
		58D79FC7551D6BD624485422 /* Pods_ConstantWork.framework */ = {isa = PBXFileReference; explicitFileType = wrapper.framework; includeInIndex = 0; path = Pods_ConstantWork.framework; sourceTree = BUILT_PRODUCTS_DIR; };
		D2A3D43729E27B340093E475 /* ConstantWork.app */ = {isa = PBXFileReference; explicitFileType = wrapper.application; includeInIndex = 0; path = ConstantWork.app; sourceTree = BUILT_PRODUCTS_DIR; };
		D2A3D43A29E27B340093E475 /* AppDelegate.swift */ = {isa = PBXFileReference; lastKnownFileType = sourcecode.swift; path = AppDelegate.swift; sourceTree = "<group>"; };
		D2A3D43C29E27B340093E475 /* SceneDelegate.swift */ = {isa = PBXFileReference; lastKnownFileType = sourcecode.swift; path = SceneDelegate.swift; sourceTree = "<group>"; };
		D2A3D43E29E27B340093E475 /* HomeViewController.swift */ = {isa = PBXFileReference; lastKnownFileType = sourcecode.swift; path = HomeViewController.swift; sourceTree = "<group>"; };
		D2A3D44329E27B350093E475 /* Assets.xcassets */ = {isa = PBXFileReference; lastKnownFileType = folder.assetcatalog; path = Assets.xcassets; sourceTree = "<group>"; };
		D2A3D44629E27B350093E475 /* Base */ = {isa = PBXFileReference; lastKnownFileType = file.storyboard; name = Base; path = Base.lproj/LaunchScreen.storyboard; sourceTree = "<group>"; };
		D2A3D44829E27B350093E475 /* Info.plist */ = {isa = PBXFileReference; lastKnownFileType = text.plist.xml; path = Info.plist; sourceTree = "<group>"; };
		D2A3D45329E27F810093E475 /* Coordinator.swift */ = {isa = PBXFileReference; lastKnownFileType = sourcecode.swift; path = Coordinator.swift; sourceTree = "<group>"; };
		D2A3D45529E27F970093E475 /* SceneCoordinator.swift */ = {isa = PBXFileReference; lastKnownFileType = sourcecode.swift; path = SceneCoordinator.swift; sourceTree = "<group>"; };
		D2A3D45D29E285060093E475 /* HomeTitleView.swift */ = {isa = PBXFileReference; lastKnownFileType = sourcecode.swift; path = HomeTitleView.swift; sourceTree = "<group>"; };
		D2A3D46029E288070093E475 /* UIView +.swift */ = {isa = PBXFileReference; lastKnownFileType = sourcecode.swift; path = "UIView +.swift"; sourceTree = "<group>"; };
		D2A3D46329E289410093E475 /* CollectionLayout.swift */ = {isa = PBXFileReference; lastKnownFileType = sourcecode.swift; path = CollectionLayout.swift; sourceTree = "<group>"; };
		D2A3D46529E28D6E0093E475 /* HomeCell.swift */ = {isa = PBXFileReference; lastKnownFileType = sourcecode.swift; path = HomeCell.swift; sourceTree = "<group>"; };
		D2A3D46829E28F210093E475 /* SnapShotService.swift */ = {isa = PBXFileReference; lastKnownFileType = sourcecode.swift; path = SnapShotService.swift; sourceTree = "<group>"; };
		D2A3D46B29E28FA70093E475 /* PiscumDTO.swift */ = {isa = PBXFileReference; lastKnownFileType = sourcecode.swift; path = PiscumDTO.swift; sourceTree = "<group>"; };
		D2A3D46D29E2904C0093E475 /* DiffableDataSection.swift */ = {isa = PBXFileReference; lastKnownFileType = sourcecode.swift; path = DiffableDataSection.swift; sourceTree = "<group>"; };
		D2A3D46F29E2930C0093E475 /* HomeCoordinator.swift */ = {isa = PBXFileReference; lastKnownFileType = sourcecode.swift; path = HomeCoordinator.swift; sourceTree = "<group>"; };
		D2A3D47329E297B00093E475 /* EndPointable.swift */ = {isa = PBXFileReference; lastKnownFileType = sourcecode.swift; path = EndPointable.swift; sourceTree = "<group>"; };
		D2A3D47529E297C00093E475 /* HTTPMethod.swift */ = {isa = PBXFileReference; lastKnownFileType = sourcecode.swift; path = HTTPMethod.swift; sourceTree = "<group>"; };
		D2A3D47729E297EB0093E475 /* EndPoint.swift */ = {isa = PBXFileReference; lastKnownFileType = sourcecode.swift; path = EndPoint.swift; sourceTree = "<group>"; };
		D2A3D47929E2990D0093E475 /* NetworkService.swift */ = {isa = PBXFileReference; lastKnownFileType = sourcecode.swift; path = NetworkService.swift; sourceTree = "<group>"; };
		D2A3D47B29E2995F0093E475 /* NetworkError.swift */ = {isa = PBXFileReference; lastKnownFileType = sourcecode.swift; path = NetworkError.swift; sourceTree = "<group>"; };
		FCCEFA39C3A34B43C99D2EEE /* Pods-ConstantWork.debug.xcconfig */ = {isa = PBXFileReference; includeInIndex = 1; lastKnownFileType = text.xcconfig; name = "Pods-ConstantWork.debug.xcconfig"; path = "Target Support Files/Pods-ConstantWork/Pods-ConstantWork.debug.xcconfig"; sourceTree = "<group>"; };
/* End PBXFileReference section */

/* Begin PBXFrameworksBuildPhase section */
		D2A3D43429E27B340093E475 /* Frameworks */ = {
			isa = PBXFrameworksBuildPhase;
			buildActionMask = 2147483647;
			files = (
				819AAC9591CB79BCF9B13C97 /* Pods_ConstantWork.framework in Frameworks */,
			);
			runOnlyForDeploymentPostprocessing = 0;
		};
/* End PBXFrameworksBuildPhase section */

/* Begin PBXGroup section */
		29C7ACAFB419D81CE83A0436 /* Frameworks */ = {
			isa = PBXGroup;
			children = (
				58D79FC7551D6BD624485422 /* Pods_ConstantWork.framework */,
			);
			name = Frameworks;
			sourceTree = "<group>";
		};
		D2A3D42E29E27B340093E475 = {
			isa = PBXGroup;
			children = (
				D2A3D43929E27B340093E475 /* ConstantWork */,
				D2A3D43829E27B340093E475 /* Products */,
				D33864C239C919AF2D1B3112 /* Pods */,
				29C7ACAFB419D81CE83A0436 /* Frameworks */,
			);
			sourceTree = "<group>";
		};
		D2A3D43829E27B340093E475 /* Products */ = {
			isa = PBXGroup;
			children = (
				D2A3D43729E27B340093E475 /* ConstantWork.app */,
			);
			name = Products;
			sourceTree = "<group>";
		};
		D2A3D43929E27B340093E475 /* ConstantWork */ = {
			isa = PBXGroup;
			children = (
				D2A3D44E29E27F180093E475 /* Application */,
				D2A3D44F29E27F380093E475 /* Resources */,
				D2A3D45F29E287FA0093E475 /* Extension + */,
				D2A3D45029E27F490093E475 /* Presentation */,
				D2A3D45829E2808D0093E475 /* Domain */,
				D2A3D45929E280970093E475 /* Data */,
			);
			path = ConstantWork;
			sourceTree = "<group>";
		};
		D2A3D44E29E27F180093E475 /* Application */ = {
			isa = PBXGroup;
			children = (
				D2A3D43A29E27B340093E475 /* AppDelegate.swift */,
				D2A3D43C29E27B340093E475 /* SceneDelegate.swift */,
				D2A3D44829E27B350093E475 /* Info.plist */,
			);
			path = Application;
			sourceTree = "<group>";
		};
		D2A3D44F29E27F380093E475 /* Resources */ = {
			isa = PBXGroup;
			children = (
				D2A3D44329E27B350093E475 /* Assets.xcassets */,
				D2A3D44529E27B350093E475 /* LaunchScreen.storyboard */,
			);
			path = Resources;
			sourceTree = "<group>";
		};
		D2A3D45029E27F490093E475 /* Presentation */ = {
			isa = PBXGroup;
			children = (
				D2A3D45129E27F510093E475 /* Coordinator */,
				D2A3D45729E280280093E475 /* Scene */,
			);
			path = Presentation;
			sourceTree = "<group>";
		};
		D2A3D45129E27F510093E475 /* Coordinator */ = {
			isa = PBXGroup;
			children = (
				D2A3D45529E27F970093E475 /* SceneCoordinator.swift */,
				D2A3D46F29E2930C0093E475 /* HomeCoordinator.swift */,
				D2A3D45229E27F790093E475 /* protocol */,
			);
			path = Coordinator;
			sourceTree = "<group>";
		};
		D2A3D45229E27F790093E475 /* protocol */ = {
			isa = PBXGroup;
			children = (
				D2A3D45329E27F810093E475 /* Coordinator.swift */,
			);
			path = protocol;
			sourceTree = "<group>";
		};
		D2A3D45729E280280093E475 /* Scene */ = {
			isa = PBXGroup;
			children = (
				D2A3D45A29E284E10093E475 /* Home */,
			);
			path = Scene;
			sourceTree = "<group>";
		};
		D2A3D45829E2808D0093E475 /* Domain */ = {
			isa = PBXGroup;
			children = (
				D2A3D46729E28F190093E475 /* Service */,
			);
			path = Domain;
			sourceTree = "<group>";
		};
		D2A3D45929E280970093E475 /* Data */ = {
			isa = PBXGroup;
			children = (
				D2A3D47129E297930093E475 /* Network */,
				D2A3D46A29E28F880093E475 /* DTO */,
			);
			path = Data;
			sourceTree = "<group>";
		};
		D2A3D45A29E284E10093E475 /* Home */ = {
			isa = PBXGroup;
			children = (
				D2A3D45C29E284F70093E475 /* Reactor */,
				D2A3D45B29E284F00093E475 /* View */,
			);
			path = Home;
			sourceTree = "<group>";
		};
		D2A3D45B29E284F00093E475 /* View */ = {
			isa = PBXGroup;
			children = (
				D2A3D43E29E27B340093E475 /* HomeViewController.swift */,
				D2A3D45D29E285060093E475 /* HomeTitleView.swift */,
				D2A3D46229E289030093E475 /* Collection */,
			);
			path = View;
			sourceTree = "<group>";
		};
		D2A3D45C29E284F70093E475 /* Reactor */ = {
			isa = PBXGroup;
			children = (
			);
			path = Reactor;
			sourceTree = "<group>";
		};
		D2A3D45F29E287FA0093E475 /* Extension + */ = {
			isa = PBXGroup;
			children = (
				D2A3D46029E288070093E475 /* UIView +.swift */,
			);
			path = "Extension +";
			sourceTree = "<group>";
		};
		D2A3D46229E289030093E475 /* Collection */ = {
			isa = PBXGroup;
			children = (
				D2A3D46329E289410093E475 /* CollectionLayout.swift */,
				D2A3D46D29E2904C0093E475 /* DiffableDataSection.swift */,
				D2A3D46529E28D6E0093E475 /* HomeCell.swift */,
			);
			path = Collection;
			sourceTree = "<group>";
		};
		D2A3D46729E28F190093E475 /* Service */ = {
			isa = PBXGroup;
			children = (
				D2A3D46829E28F210093E475 /* SnapShotService.swift */,
			);
			path = Service;
			sourceTree = "<group>";
		};
		D2A3D46A29E28F880093E475 /* DTO */ = {
			isa = PBXGroup;
			children = (
				D2A3D46B29E28FA70093E475 /* PiscumDTO.swift */,
			);
			path = DTO;
			sourceTree = "<group>";
		};
		D2A3D47129E297930093E475 /* Network */ = {
			isa = PBXGroup;
			children = (
				D2A3D47929E2990D0093E475 /* NetworkService.swift */,
				D2A3D47B29E2995F0093E475 /* NetworkError.swift */,
				D2A3D47229E2979C0093E475 /* EndPoint */,
			);
			path = Network;
			sourceTree = "<group>";
		};
		D2A3D47229E2979C0093E475 /* EndPoint */ = {
			isa = PBXGroup;
			children = (
				D2A3D47529E297C00093E475 /* HTTPMethod.swift */,
				D2A3D47329E297B00093E475 /* EndPointable.swift */,
				D2A3D47729E297EB0093E475 /* EndPoint.swift */,
			);
			path = EndPoint;
			sourceTree = "<group>";
		};
		D33864C239C919AF2D1B3112 /* Pods */ = {
			isa = PBXGroup;
			children = (
				FCCEFA39C3A34B43C99D2EEE /* Pods-ConstantWork.debug.xcconfig */,
				139C23925A8285822C2E0B81 /* Pods-ConstantWork.release.xcconfig */,
			);
			path = Pods;
			sourceTree = "<group>";
		};
/* End PBXGroup section */

/* Begin PBXNativeTarget section */
		D2A3D43629E27B340093E475 /* ConstantWork */ = {
			isa = PBXNativeTarget;
			buildConfigurationList = D2A3D44B29E27B350093E475 /* Build configuration list for PBXNativeTarget "ConstantWork" */;
			buildPhases = (
				4106C11D4AA701A16A053309 /* [CP] Check Pods Manifest.lock */,
				D2A3D43329E27B340093E475 /* Sources */,
				D2A3D43429E27B340093E475 /* Frameworks */,
				D2A3D43529E27B340093E475 /* Resources */,
				A410E3B81F1998501F7B9F2F /* [CP] Embed Pods Frameworks */,
			);
			buildRules = (
			);
			dependencies = (
			);
			name = ConstantWork;
			productName = ConstantWork;
			productReference = D2A3D43729E27B340093E475 /* ConstantWork.app */;
			productType = "com.apple.product-type.application";
		};
/* End PBXNativeTarget section */

/* Begin PBXProject section */
		D2A3D42F29E27B340093E475 /* Project object */ = {
			isa = PBXProject;
			attributes = {
				BuildIndependentTargetsInParallel = 1;
				LastSwiftUpdateCheck = 1420;
				LastUpgradeCheck = 1420;
				TargetAttributes = {
					D2A3D43629E27B340093E475 = {
						CreatedOnToolsVersion = 14.2;
					};
				};
			};
			buildConfigurationList = D2A3D43229E27B340093E475 /* Build configuration list for PBXProject "ConstantWork" */;
			compatibilityVersion = "Xcode 14.0";
			developmentRegion = en;
			hasScannedForEncodings = 0;
			knownRegions = (
				en,
				Base,
			);
			mainGroup = D2A3D42E29E27B340093E475;
			productRefGroup = D2A3D43829E27B340093E475 /* Products */;
			projectDirPath = "";
			projectRoot = "";
			targets = (
				D2A3D43629E27B340093E475 /* ConstantWork */,
			);
		};
/* End PBXProject section */

/* Begin PBXResourcesBuildPhase section */
		D2A3D43529E27B340093E475 /* Resources */ = {
			isa = PBXResourcesBuildPhase;
			buildActionMask = 2147483647;
			files = (
				D2A3D44729E27B350093E475 /* LaunchScreen.storyboard in Resources */,
				D2A3D44429E27B350093E475 /* Assets.xcassets in Resources */,
			);
			runOnlyForDeploymentPostprocessing = 0;
		};
/* End PBXResourcesBuildPhase section */

/* Begin PBXShellScriptBuildPhase section */
		4106C11D4AA701A16A053309 /* [CP] Check Pods Manifest.lock */ = {
			isa = PBXShellScriptBuildPhase;
			buildActionMask = 2147483647;
			files = (
			);
			inputFileListPaths = (
			);
			inputPaths = (
				"${PODS_PODFILE_DIR_PATH}/Podfile.lock",
				"${PODS_ROOT}/Manifest.lock",
			);
			name = "[CP] Check Pods Manifest.lock";
			outputFileListPaths = (
			);
			outputPaths = (
				"$(DERIVED_FILE_DIR)/Pods-ConstantWork-checkManifestLockResult.txt",
			);
			runOnlyForDeploymentPostprocessing = 0;
			shellPath = /bin/sh;
			shellScript = "diff \"${PODS_PODFILE_DIR_PATH}/Podfile.lock\" \"${PODS_ROOT}/Manifest.lock\" > /dev/null\nif [ $? != 0 ] ; then\n    # print error to STDERR\n    echo \"error: The sandbox is not in sync with the Podfile.lock. Run 'pod install' or update your CocoaPods installation.\" >&2\n    exit 1\nfi\n# This output is used by Xcode 'outputs' to avoid re-running this script phase.\necho \"SUCCESS\" > \"${SCRIPT_OUTPUT_FILE_0}\"\n";
			showEnvVarsInLog = 0;
		};
		A410E3B81F1998501F7B9F2F /* [CP] Embed Pods Frameworks */ = {
			isa = PBXShellScriptBuildPhase;
			buildActionMask = 2147483647;
			files = (
			);
			inputFileListPaths = (
				"${PODS_ROOT}/Target Support Files/Pods-ConstantWork/Pods-ConstantWork-frameworks-${CONFIGURATION}-input-files.xcfilelist",
			);
			name = "[CP] Embed Pods Frameworks";
			outputFileListPaths = (
				"${PODS_ROOT}/Target Support Files/Pods-ConstantWork/Pods-ConstantWork-frameworks-${CONFIGURATION}-output-files.xcfilelist",
			);
			runOnlyForDeploymentPostprocessing = 0;
			shellPath = /bin/sh;
			shellScript = "\"${PODS_ROOT}/Target Support Files/Pods-ConstantWork/Pods-ConstantWork-frameworks.sh\"\n";
			showEnvVarsInLog = 0;
		};
/* End PBXShellScriptBuildPhase section */

/* Begin PBXSourcesBuildPhase section */
		D2A3D43329E27B340093E475 /* Sources */ = {
			isa = PBXSourcesBuildPhase;
			buildActionMask = 2147483647;
			files = (
				D2A3D47429E297B00093E475 /* EndPointable.swift in Sources */,
				D2A3D46E29E2904C0093E475 /* DiffableDataSection.swift in Sources */,
				D2A3D46429E289410093E475 /* CollectionLayout.swift in Sources */,
				D2A3D45429E27F810093E475 /* Coordinator.swift in Sources */,
				D2A3D45629E27F970093E475 /* SceneCoordinator.swift in Sources */,
				D2A3D47A29E2990D0093E475 /* NetworkService.swift in Sources */,
				D2A3D45E29E285060093E475 /* HomeTitleView.swift in Sources */,
				D2A3D46129E288070093E475 /* UIView +.swift in Sources */,
				D2A3D43F29E27B340093E475 /* HomeViewController.swift in Sources */,
				D2A3D47629E297C00093E475 /* HTTPMethod.swift in Sources */,
				D2A3D46C29E28FA70093E475 /* PiscumDTO.swift in Sources */,
				D2A3D47829E297EB0093E475 /* EndPoint.swift in Sources */,
				D2A3D47029E2930C0093E475 /* HomeCoordinator.swift in Sources */,
				D2A3D43B29E27B340093E475 /* AppDelegate.swift in Sources */,
				D2A3D46929E28F210093E475 /* SnapShotService.swift in Sources */,
				D2A3D47C29E2995F0093E475 /* NetworkError.swift in Sources */,
				D2A3D46629E28D6E0093E475 /* HomeCell.swift in Sources */,
				D2A3D43D29E27B340093E475 /* SceneDelegate.swift in Sources */,
			);
			runOnlyForDeploymentPostprocessing = 0;
		};
/* End PBXSourcesBuildPhase section */

/* Begin PBXVariantGroup section */
		D2A3D44529E27B350093E475 /* LaunchScreen.storyboard */ = {
			isa = PBXVariantGroup;
			children = (
				D2A3D44629E27B350093E475 /* Base */,
			);
			name = LaunchScreen.storyboard;
			sourceTree = "<group>";
		};
/* End PBXVariantGroup section */

/* Begin XCBuildConfiguration section */
		D2A3D44929E27B350093E475 /* Debug */ = {
			isa = XCBuildConfiguration;
			buildSettings = {
				ALWAYS_SEARCH_USER_PATHS = NO;
				CLANG_ANALYZER_NONNULL = YES;
				CLANG_ANALYZER_NUMBER_OBJECT_CONVERSION = YES_AGGRESSIVE;
				CLANG_CXX_LANGUAGE_STANDARD = "gnu++20";
				CLANG_ENABLE_MODULES = YES;
				CLANG_ENABLE_OBJC_ARC = YES;
				CLANG_ENABLE_OBJC_WEAK = YES;
				CLANG_WARN_BLOCK_CAPTURE_AUTORELEASING = YES;
				CLANG_WARN_BOOL_CONVERSION = YES;
				CLANG_WARN_COMMA = YES;
				CLANG_WARN_CONSTANT_CONVERSION = YES;
				CLANG_WARN_DEPRECATED_OBJC_IMPLEMENTATIONS = YES;
				CLANG_WARN_DIRECT_OBJC_ISA_USAGE = YES_ERROR;
				CLANG_WARN_DOCUMENTATION_COMMENTS = YES;
				CLANG_WARN_EMPTY_BODY = YES;
				CLANG_WARN_ENUM_CONVERSION = YES;
				CLANG_WARN_INFINITE_RECURSION = YES;
				CLANG_WARN_INT_CONVERSION = YES;
				CLANG_WARN_NON_LITERAL_NULL_CONVERSION = YES;
				CLANG_WARN_OBJC_IMPLICIT_RETAIN_SELF = YES;
				CLANG_WARN_OBJC_LITERAL_CONVERSION = YES;
				CLANG_WARN_OBJC_ROOT_CLASS = YES_ERROR;
				CLANG_WARN_QUOTED_INCLUDE_IN_FRAMEWORK_HEADER = YES;
				CLANG_WARN_RANGE_LOOP_ANALYSIS = YES;
				CLANG_WARN_STRICT_PROTOTYPES = YES;
				CLANG_WARN_SUSPICIOUS_MOVE = YES;
				CLANG_WARN_UNGUARDED_AVAILABILITY = YES_AGGRESSIVE;
				CLANG_WARN_UNREACHABLE_CODE = YES;
				CLANG_WARN__DUPLICATE_METHOD_MATCH = YES;
				COPY_PHASE_STRIP = NO;
				DEBUG_INFORMATION_FORMAT = dwarf;
				ENABLE_STRICT_OBJC_MSGSEND = YES;
				ENABLE_TESTABILITY = YES;
				GCC_C_LANGUAGE_STANDARD = gnu11;
				GCC_DYNAMIC_NO_PIC = NO;
				GCC_NO_COMMON_BLOCKS = YES;
				GCC_OPTIMIZATION_LEVEL = 0;
				GCC_PREPROCESSOR_DEFINITIONS = (
					"DEBUG=1",
					"$(inherited)",
				);
				GCC_WARN_64_TO_32_BIT_CONVERSION = YES;
				GCC_WARN_ABOUT_RETURN_TYPE = YES_ERROR;
				GCC_WARN_UNDECLARED_SELECTOR = YES;
				GCC_WARN_UNINITIALIZED_AUTOS = YES_AGGRESSIVE;
				GCC_WARN_UNUSED_FUNCTION = YES;
				GCC_WARN_UNUSED_VARIABLE = YES;
				IPHONEOS_DEPLOYMENT_TARGET = 16.2;
				MTL_ENABLE_DEBUG_INFO = INCLUDE_SOURCE;
				MTL_FAST_MATH = YES;
				ONLY_ACTIVE_ARCH = YES;
				SDKROOT = iphoneos;
				SWIFT_ACTIVE_COMPILATION_CONDITIONS = DEBUG;
				SWIFT_OPTIMIZATION_LEVEL = "-Onone";
			};
			name = Debug;
		};
		D2A3D44A29E27B350093E475 /* Release */ = {
			isa = XCBuildConfiguration;
			buildSettings = {
				ALWAYS_SEARCH_USER_PATHS = NO;
				CLANG_ANALYZER_NONNULL = YES;
				CLANG_ANALYZER_NUMBER_OBJECT_CONVERSION = YES_AGGRESSIVE;
				CLANG_CXX_LANGUAGE_STANDARD = "gnu++20";
				CLANG_ENABLE_MODULES = YES;
				CLANG_ENABLE_OBJC_ARC = YES;
				CLANG_ENABLE_OBJC_WEAK = YES;
				CLANG_WARN_BLOCK_CAPTURE_AUTORELEASING = YES;
				CLANG_WARN_BOOL_CONVERSION = YES;
				CLANG_WARN_COMMA = YES;
				CLANG_WARN_CONSTANT_CONVERSION = YES;
				CLANG_WARN_DEPRECATED_OBJC_IMPLEMENTATIONS = YES;
				CLANG_WARN_DIRECT_OBJC_ISA_USAGE = YES_ERROR;
				CLANG_WARN_DOCUMENTATION_COMMENTS = YES;
				CLANG_WARN_EMPTY_BODY = YES;
				CLANG_WARN_ENUM_CONVERSION = YES;
				CLANG_WARN_INFINITE_RECURSION = YES;
				CLANG_WARN_INT_CONVERSION = YES;
				CLANG_WARN_NON_LITERAL_NULL_CONVERSION = YES;
				CLANG_WARN_OBJC_IMPLICIT_RETAIN_SELF = YES;
				CLANG_WARN_OBJC_LITERAL_CONVERSION = YES;
				CLANG_WARN_OBJC_ROOT_CLASS = YES_ERROR;
				CLANG_WARN_QUOTED_INCLUDE_IN_FRAMEWORK_HEADER = YES;
				CLANG_WARN_RANGE_LOOP_ANALYSIS = YES;
				CLANG_WARN_STRICT_PROTOTYPES = YES;
				CLANG_WARN_SUSPICIOUS_MOVE = YES;
				CLANG_WARN_UNGUARDED_AVAILABILITY = YES_AGGRESSIVE;
				CLANG_WARN_UNREACHABLE_CODE = YES;
				CLANG_WARN__DUPLICATE_METHOD_MATCH = YES;
				COPY_PHASE_STRIP = NO;
				DEBUG_INFORMATION_FORMAT = "dwarf-with-dsym";
				ENABLE_NS_ASSERTIONS = NO;
				ENABLE_STRICT_OBJC_MSGSEND = YES;
				GCC_C_LANGUAGE_STANDARD = gnu11;
				GCC_NO_COMMON_BLOCKS = YES;
				GCC_WARN_64_TO_32_BIT_CONVERSION = YES;
				GCC_WARN_ABOUT_RETURN_TYPE = YES_ERROR;
				GCC_WARN_UNDECLARED_SELECTOR = YES;
				GCC_WARN_UNINITIALIZED_AUTOS = YES_AGGRESSIVE;
				GCC_WARN_UNUSED_FUNCTION = YES;
				GCC_WARN_UNUSED_VARIABLE = YES;
				IPHONEOS_DEPLOYMENT_TARGET = 16.2;
				MTL_ENABLE_DEBUG_INFO = NO;
				MTL_FAST_MATH = YES;
				SDKROOT = iphoneos;
				SWIFT_COMPILATION_MODE = wholemodule;
				SWIFT_OPTIMIZATION_LEVEL = "-O";
				VALIDATE_PRODUCT = YES;
			};
			name = Release;
		};
		D2A3D44C29E27B350093E475 /* Debug */ = {
			isa = XCBuildConfiguration;
			baseConfigurationReference = FCCEFA39C3A34B43C99D2EEE /* Pods-ConstantWork.debug.xcconfig */;
			buildSettings = {
				ASSETCATALOG_COMPILER_APPICON_NAME = AppIcon;
				ASSETCATALOG_COMPILER_GLOBAL_ACCENT_COLOR_NAME = AccentColor;
				CODE_SIGN_STYLE = Automatic;
				CURRENT_PROJECT_VERSION = 1;
				DEVELOPMENT_TEAM = Q646ABLXY6;
				GENERATE_INFOPLIST_FILE = YES;
				INFOPLIST_FILE = ConstantWork/Application/Info.plist;
				INFOPLIST_KEY_UIApplicationSupportsIndirectInputEvents = YES;
				INFOPLIST_KEY_UILaunchStoryboardName = LaunchScreen;
				INFOPLIST_KEY_UISupportedInterfaceOrientations = UIInterfaceOrientationPortrait;
				INFOPLIST_KEY_UISupportedInterfaceOrientations_iPad = "UIInterfaceOrientationLandscapeLeft UIInterfaceOrientationLandscapeRight UIInterfaceOrientationPortrait UIInterfaceOrientationPortraitUpsideDown";
				IPHONEOS_DEPLOYMENT_TARGET = 14.0;
				LD_RUNPATH_SEARCH_PATHS = (
					"$(inherited)",
					"@executable_path/Frameworks",
				);
				MARKETING_VERSION = 1.0;
				PRODUCT_BUNDLE_IDENTIFIER = com.test.ConstantWork;
				PRODUCT_NAME = "$(TARGET_NAME)";
				SWIFT_EMIT_LOC_STRINGS = YES;
				SWIFT_VERSION = 5.0;
				TARGETED_DEVICE_FAMILY = "1,2";
			};
			name = Debug;
		};
		D2A3D44D29E27B350093E475 /* Release */ = {
			isa = XCBuildConfiguration;
			baseConfigurationReference = 139C23925A8285822C2E0B81 /* Pods-ConstantWork.release.xcconfig */;
			buildSettings = {
				ASSETCATALOG_COMPILER_APPICON_NAME = AppIcon;
				ASSETCATALOG_COMPILER_GLOBAL_ACCENT_COLOR_NAME = AccentColor;
				CODE_SIGN_STYLE = Automatic;
				CURRENT_PROJECT_VERSION = 1;
				DEVELOPMENT_TEAM = Q646ABLXY6;
				GENERATE_INFOPLIST_FILE = YES;
				INFOPLIST_FILE = ConstantWork/Application/Info.plist;
				INFOPLIST_KEY_UIApplicationSupportsIndirectInputEvents = YES;
				INFOPLIST_KEY_UILaunchStoryboardName = LaunchScreen;
				INFOPLIST_KEY_UISupportedInterfaceOrientations = UIInterfaceOrientationPortrait;
				INFOPLIST_KEY_UISupportedInterfaceOrientations_iPad = "UIInterfaceOrientationLandscapeLeft UIInterfaceOrientationLandscapeRight UIInterfaceOrientationPortrait UIInterfaceOrientationPortraitUpsideDown";
				IPHONEOS_DEPLOYMENT_TARGET = 14.0;
				LD_RUNPATH_SEARCH_PATHS = (
					"$(inherited)",
					"@executable_path/Frameworks",
				);
				MARKETING_VERSION = 1.0;
				PRODUCT_BUNDLE_IDENTIFIER = com.test.ConstantWork;
				PRODUCT_NAME = "$(TARGET_NAME)";
				SWIFT_EMIT_LOC_STRINGS = YES;
				SWIFT_VERSION = 5.0;
				TARGETED_DEVICE_FAMILY = "1,2";
			};
			name = Release;
		};
/* End XCBuildConfiguration section */

/* Begin XCConfigurationList section */
		D2A3D43229E27B340093E475 /* Build configuration list for PBXProject "ConstantWork" */ = {
			isa = XCConfigurationList;
			buildConfigurations = (
				D2A3D44929E27B350093E475 /* Debug */,
				D2A3D44A29E27B350093E475 /* Release */,
			);
			defaultConfigurationIsVisible = 0;
			defaultConfigurationName = Release;
		};
		D2A3D44B29E27B350093E475 /* Build configuration list for PBXNativeTarget "ConstantWork" */ = {
			isa = XCConfigurationList;
			buildConfigurations = (
				D2A3D44C29E27B350093E475 /* Debug */,
				D2A3D44D29E27B350093E475 /* Release */,
			);
			defaultConfigurationIsVisible = 0;
			defaultConfigurationName = Release;
		};
/* End XCConfigurationList section */
	};
	rootObject = D2A3D42F29E27B340093E475 /* Project object */;
}
